{
  "nodes": {
    "nixpkgs": {
      "locked": {
        "lastModified": 1709315803,
        "narHash": "sha256-/hHKlXR/w2Q1CgNfMPlbu68/0kGXG6py08hzhWuA5jI=",
        "owner": "NixOS",
        "repo": "nixpkgs",
        "rev": "01c6ad6d0b29988f30b8526b64775e02aba126d0",
        "type": "github"
      },
      "original": {
        "owner": "NixOS",
        "ref": "release-23.11",
        "repo": "nixpkgs",
        "type": "github"
      }
    },
    "root": {
      "inputs": {
        "nixpkgs": "nixpkgs"
      }
    }
  },
  "root": "root",
  "version": 7
}
